github.com/fsnotify/fsnotify v1.5.1 h1:mZcQUHVQUQWoPXXtuf9yuEXKudkV2sx1E06UadKWpgI=
github.com/fsnotify/fsnotify v1.5.1/go.mod h1:T3375wBYaZdLLcVNkcVbzGHY7f1l/uK5T5Ai1i3InKU=
github.com/issue9/assert/v2 v2.0.0 h1:vN7fr70g5ND6zM39tPZk/E4WCyjGMqApmFbujSTmEo0=
github.com/issue9/assert/v2 v2.0.0/go.mod h1:rKr1eVGzXUhAo2af1thiKAhIA8uiSK9Wyn7mcZ4BzAg=
github.com/issue9/sliceutil v0.7.1/go.mod h1:8e+l2bD67pBUtV8cVnGChE/Ltlq8czcDLR1pOGCC2tE=
github.com/issue9/term/v2 v2.1.5 h1:qU8C5Y7Zbv7amINkUirs/dtFxislNdW7QGHAuzssOX4=
github.com/issue9/term/v2 v2.1.5/go.mod h1:BA5+fQqPopRYlYfW3+NNmArSsHyPOmrsKksPh34DRdE=
golang.org/x/sys v0.0.0-20210630005230-0f9fa26af87c/go.mod h1:oPkhp1MJrh7nUepCBck5+mAzfO9JrbApNNgaTdGDITg=
golang.org/x/sys v0.0.0-20211123173158-ef496fb156ab h1:rfJ1bsoJQQIAoAxTxB7bme+vHrNkRw8CqfsYh9w54cw=
golang.org/x/sys v0.0.0-20211123173158-ef496fb156ab/go.mod h1:oPkhp1MJrh7nUepCBck5+mAzfO9JrbApNNgaTdGDITg=
