github.com/fsnotify/fsnotify v1.6.0 h1:n+5WquG0fcWoWp6xPWfHdbskMCQaFnG6PfBrh1Ky4HY=
github.com/fsnotify/fsnotify v1.6.0/go.mod h1:sl3t1tCWJFWoRz9R8WJCbQihKKwmorjAbSClcnxKAGw=
github.com/issue9/assert/v3 v3.1.0 h1:oxLFXS7QnBKI4lB31pRoYO96yErkWAJtR7iv+LNjAPg=
github.com/issue9/assert/v3 v3.1.0/go.mod h1:yft/uaskRpwQTyBT3n1zRl91SR1wNlO4fLZHzOa4bdM=
github.com/issue9/errwrap v0.3.1 h1:8g4lYJaGnoiXyZ1oZyH/7zPDGgw5RNiE9Q6ri9kE6Z8=
github.com/issue9/errwrap v0.3.1/go.mod h1:HLR0e5iimd2aJXM9YrThOsRj3/6lMtk77lVp7zyvJ4E=
github.com/issue9/localeutil v0.23.0 h1:UMxzF8wN42f6Rw6lkcbVIlSd/Zm9leH0syjDogXvYyg=
github.com/issue9/localeutil v0.23.0/go.mod h1:yRWCkWMfZY8lCSyT1usICiXsNkhW3cfQlE8kHAmc614=
github.com/issue9/sliceutil v0.15.0 h1:E6Xnl3FY5h0ZGNzyx1VEFAfGdParaq/BkX1QQR0uFwI=
github.com/issue9/sliceutil v0.15.0/go.mod h1:n9meV7AamDhmehOBuV4GrxW3yw7O1cZmLx3Xizg1bps=
github.com/issue9/source v0.6.2 h1:PiqCb9NV3AugftI0ZkUqQxeWh6UeSqfx1NxpWoy3VRs=
github.com/issue9/source v0.6.2/go.mod h1:1NgNRDdcw9snxGhgLAXcqYkhEokq/YsIEZUdBSXXMtI=
github.com/issue9/term/v3 v3.2.3 h1:C5gCSaW788vc9zh+h7MQ8Ser7Jvw8BnWFtXyDKXm39I=
github.com/issue9/term/v3 v3.2.3/go.mod h1:IOy2GsDHEWatSt/63IhTUjbY/+i26/ekz3GMqUj9HG8=
golang.org/x/mod v0.13.0 h1:I/DsJXRlw/8l/0c24sM9yb0T4z9liZTduXvdAWYiysY=
golang.org/x/mod v0.13.0/go.mod h1:hTbmBsO62+eylJbnUtE2MGJUyE7QWk4xUqPFrRgJ+7c=
golang.org/x/sys v0.0.0-20220908164124-27713097b956/go.mod h1:oPkhp1MJrh7nUepCBck5+mAzfO9JrbApNNgaTdGDITg=
golang.org/x/sys v0.13.0 h1:Af8nKPmuFypiUBjVoU9V20FiaFXOcuZI21p0ycVYYGE=
golang.org/x/sys v0.13.0/go.mod h1:oPkhp1MJrh7nUepCBck5+mAzfO9JrbApNNgaTdGDITg=
golang.org/x/text v0.13.0 h1:ablQoSUd0tRdKxZewP80B+BaqeKJuVhuRxj/dkrun3k=
golang.org/x/text v0.13.0/go.mod h1:TvPlkZtksWOMsz7fbANvkp4WM8x/WCo/om8BMLbz+aE=
gopkg.in/check.v1 v0.0.0-20161208181325-20d25e280405 h1:yhCVgyC4o1eVCa2tZl7eS0r+SDo693bJlVdllGtEeKM=
gopkg.in/check.v1 v0.0.0-20161208181325-20d25e280405/go.mod h1:Co6ibVJAznAaIkqp8huTwlJQCZ016jof/cbN4VW5Yz0=
gopkg.in/yaml.v3 v3.0.1 h1:fxVm/GzAzEWqLHuvctI91KS9hhNmmWOoWu0XTYJS7CA=
gopkg.in/yaml.v3 v3.0.1/go.mod h1:K4uyk7z7BCEPqu6E+C64Yfv1cQ7kz7rIZviUmN+EgEM=
