github.com/fsnotify/fsnotify v1.6.0 h1:n+5WquG0fcWoWp6xPWfHdbskMCQaFnG6PfBrh1Ky4HY=
github.com/fsnotify/fsnotify v1.6.0/go.mod h1:sl3t1tCWJFWoRz9R8WJCbQihKKwmorjAbSClcnxKAGw=
github.com/issue9/assert/v3 v3.0.5 h1:Mlz/4v2Ph6ZDm3Fk3A1jhitH4M/2dkHeHNKe7tTZdH8=
github.com/issue9/assert/v3 v3.0.5/go.mod h1:yft/uaskRpwQTyBT3n1zRl91SR1wNlO4fLZHzOa4bdM=
github.com/issue9/cmdopt v0.13.0 h1:mLaa7R94a6MbCf+1GIt4YgFDW6fdt/nnL0AjgKgf8jQ=
github.com/issue9/cmdopt v0.13.0/go.mod h1:l//IcugcBwX+vCc2KrgC4ylU6rEzhjQyxno7hWoLCDE=
github.com/issue9/errwrap v0.3.1 h1:8g4lYJaGnoiXyZ1oZyH/7zPDGgw5RNiE9Q6ri9kE6Z8=
github.com/issue9/errwrap v0.3.1/go.mod h1:HLR0e5iimd2aJXM9YrThOsRj3/6lMtk77lVp7zyvJ4E=
github.com/issue9/localeutil v0.21.1 h1:b8TOk8TLvOtvCFOlJWyQAGaPX/avoaGmbMNHzClhuDU=
github.com/issue9/localeutil v0.21.1/go.mod h1:9dzswqLF6egbK1vVvOaTg1/LW8tkrW6G94pd+TA2RII=
github.com/issue9/sliceutil v0.15.0 h1:E6Xnl3FY5h0ZGNzyx1VEFAfGdParaq/BkX1QQR0uFwI=
github.com/issue9/sliceutil v0.15.0/go.mod h1:n9meV7AamDhmehOBuV4GrxW3yw7O1cZmLx3Xizg1bps=
github.com/issue9/source v0.6.1 h1:Kp0meiXRa5ufaW0m5cPJTpnlgujzzHVd30F7I1D7QlQ=
github.com/issue9/source v0.6.1/go.mod h1:Q8AlOSRvkLWkNPIn3+G6vtPXV+5tfZkHHzOW3d7kP+Q=
github.com/issue9/term/v3 v3.2.2 h1:Vp6atRzFDGbzRlo8jN2Ldjwnod2jWQJ3AItwR4LJTWc=
github.com/issue9/term/v3 v3.2.2/go.mod h1:nVpa9D/rr25cdAC1rpfQ4sxx6arYlOcreB4jyg73h4Y=
golang.org/x/mod v0.12.0 h1:rmsUpXtvNzj340zd98LZ4KntptpfRHwpFOHG188oHXc=
golang.org/x/mod v0.12.0/go.mod h1:iBbtSCu2XBx23ZKBPSOrRkjjQPZFPuis4dIYUhu/chs=
golang.org/x/sys v0.0.0-20220908164124-27713097b956/go.mod h1:oPkhp1MJrh7nUepCBck5+mAzfO9JrbApNNgaTdGDITg=
golang.org/x/sys v0.12.0 h1:CM0HF96J0hcLAwsHPJZjfdNzs0gftsLfgKt57wWHJ0o=
golang.org/x/sys v0.12.0/go.mod h1:oPkhp1MJrh7nUepCBck5+mAzfO9JrbApNNgaTdGDITg=
golang.org/x/text v0.13.0 h1:ablQoSUd0tRdKxZewP80B+BaqeKJuVhuRxj/dkrun3k=
golang.org/x/text v0.13.0/go.mod h1:TvPlkZtksWOMsz7fbANvkp4WM8x/WCo/om8BMLbz+aE=
gopkg.in/check.v1 v0.0.0-20161208181325-20d25e280405 h1:yhCVgyC4o1eVCa2tZl7eS0r+SDo693bJlVdllGtEeKM=
gopkg.in/check.v1 v0.0.0-20161208181325-20d25e280405/go.mod h1:Co6ibVJAznAaIkqp8huTwlJQCZ016jof/cbN4VW5Yz0=
gopkg.in/yaml.v3 v3.0.1 h1:fxVm/GzAzEWqLHuvctI91KS9hhNmmWOoWu0XTYJS7CA=
gopkg.in/yaml.v3 v3.0.1/go.mod h1:K4uyk7z7BCEPqu6E+C64Yfv1cQ7kz7rIZviUmN+EgEM=
