github.com/fsnotify/fsnotify v1.8.0 h1:dAwr6QBTBZIkG8roQaJjGof0pp0EeF+tNV7YBP3F/8M=
github.com/fsnotify/fsnotify v1.8.0/go.mod h1:8jBTzvmWwFyi3Pb8djgCCO5IBqzKJ/Jwo8TRcHyHii0=
github.com/issue9/assert/v4 v4.3.1 h1:dHYODk1yV7j/1baIB6K6UggI4r1Hfuljqic7PaDbwLg=
github.com/issue9/assert/v4 v4.3.1/go.mod h1:v7qDRXi7AsaZZNh8eAK2rkLJg5/clztqQGA1DRv9Lv4=
github.com/issue9/cmdopt v0.13.1 h1:VA/Hgd92NBbZyHjZx1xcRCMhoc+XjI1LWhiuZkOZ0VU=
github.com/issue9/cmdopt v0.13.1/go.mod h1:7lnF45Ush0boi4/nDjeSDYV5lZfoOzp3jm+biJr0f4g=
github.com/issue9/errwrap v0.3.2 h1:7KEme9Pfe75M+sIMcPCn/DV90wjnOcRbO4DXVAHj3Fw=
github.com/issue9/errwrap v0.3.2/go.mod h1:KcCLuUGiffjooLCUjL89r1cyO8/HT/VRcQrneO53N3A=
github.com/issue9/localeutil v0.28.1 h1:u+8o5QDVX6n6Ohghm7QA7B+wblsICdP6IwedXuWNRBQ=
github.com/issue9/localeutil v0.28.1/go.mod h1:N0HlpaSygr4pnjVwVVVLoCLhEMRqbac99D8ChXRPlL4=
github.com/issue9/sliceutil v0.17.0 h1:EtmVlldkAyGxS0O2TnxcAu3pgLJw74I5eh9DHT7TOZs=
github.com/issue9/sliceutil v0.17.0/go.mod h1:CVpH4f228pICY7JImlztUPe/zf2w0EicEleU9YfFe00=
github.com/issue9/source v0.11.6 h1:ABrURywr1zsoCneDEusLWO+/OCkXfcoS5x8Z2by/clg=
github.com/issue9/source v0.11.6/go.mod h1:78T7Mm8FNHsZbSkET/w02A7a3L9w3OzwR+Tx/BILEA4=
github.com/issue9/term/v3 v3.3.2 h1:heyRhfA6EMztqh5UHUZyKr/LatFZXbJ7YhE5RI5fPTs=
github.com/issue9/term/v3 v3.3.2/go.mod h1:n5XiDESqvPeaLgHeG7H0JdIXU8/H5IZPEaH++0aHE5Q=
golang.org/x/mod v0.21.0 h1:vvrHzRwRfVKSiLrG+d4FMl/Qi4ukBCE6kZlTUkDYRT0=
golang.org/x/mod v0.21.0/go.mod h1:6SkKJ3Xj0I0BrPOZoBy3bdMptDDU9oJrpohJ3eWZ1fY=
golang.org/x/sys v0.26.0 h1:KHjCJyddX0LoSTb3J+vWpupP9p0oznkqVk/IfjymZbo=
golang.org/x/sys v0.26.0/go.mod h1:/VUhepiaJMQUp4+oa/7Zr1D23ma6VTLIYjOOTFZPUcA=
golang.org/x/text v0.19.0 h1:kTxAhCbGbxhK0IwgSKiMO5awPoDQ0RpfiVYBfK860YM=
golang.org/x/text v0.19.0/go.mod h1:BuEKDfySbSR4drPmRPG/7iBdf8hvFMuRexcpahXilzY=
gopkg.in/check.v1 v0.0.0-20161208181325-20d25e280405 h1:yhCVgyC4o1eVCa2tZl7eS0r+SDo693bJlVdllGtEeKM=
gopkg.in/check.v1 v0.0.0-20161208181325-20d25e280405/go.mod h1:Co6ibVJAznAaIkqp8huTwlJQCZ016jof/cbN4VW5Yz0=
gopkg.in/yaml.v3 v3.0.1 h1:fxVm/GzAzEWqLHuvctI91KS9hhNmmWOoWu0XTYJS7CA=
gopkg.in/yaml.v3 v3.0.1/go.mod h1:K4uyk7z7BCEPqu6E+C64Yfv1cQ7kz7rIZviUmN+EgEM=
