github.com/fsnotify/fsnotify v1.7.0 h1:8JEhPFa5W2WU7YfeZzPNqzMP6Lwt7L2715Ggo0nosvA=
github.com/fsnotify/fsnotify v1.7.0/go.mod h1:40Bi/Hjc2AVfZrqy+aj+yEI+/bRxZnMJyTJwOpGvigM=
github.com/issue9/assert/v4 v4.2.0 h1:XJGMFYW0xfESqFRPLWbSsr0xWdkofytvQbDfNb5n9fw=
github.com/issue9/assert/v4 v4.2.0/go.mod h1:v7qDRXi7AsaZZNh8eAK2rkLJg5/clztqQGA1DRv9Lv4=
github.com/issue9/cmdopt v0.13.1 h1:VA/Hgd92NBbZyHjZx1xcRCMhoc+XjI1LWhiuZkOZ0VU=
github.com/issue9/cmdopt v0.13.1/go.mod h1:7lnF45Ush0boi4/nDjeSDYV5lZfoOzp3jm+biJr0f4g=
github.com/issue9/errwrap v0.3.2 h1:7KEme9Pfe75M+sIMcPCn/DV90wjnOcRbO4DXVAHj3Fw=
github.com/issue9/errwrap v0.3.2/go.mod h1:KcCLuUGiffjooLCUjL89r1cyO8/HT/VRcQrneO53N3A=
github.com/issue9/localeutil v0.26.5 h1:e78b6cOOtgzfb4g4U9uPLC8QyK6Lux+s7ZiQe+6iM1A=
github.com/issue9/localeutil v0.26.5/go.mod h1:BJXJwcAT9CyyVZOlqfmq+B5FcPbqGxGjYnTYbVuiMM8=
github.com/issue9/sliceutil v0.16.1 h1:NVZ2feN014oUmMpZvZUrKkKMGhAfzT8WNzJF81krebM=
github.com/issue9/sliceutil v0.16.1/go.mod h1:ldun6sT4/bOJxuMtOXhtc6P7GCwE7L+avV86HNks7qk=
github.com/issue9/source v0.9.1 h1:duANl/q03NzDtZN5sOPia+s4vBu8c1CqtHGoluY0Tto=
github.com/issue9/source v0.9.1/go.mod h1:8L8ef8XhMftlE2ZQ8j60h5hTGlQmPjm/8zvoXr5fnTY=
github.com/issue9/term/v3 v3.2.8 h1:vAtsr9FLwrDQRyU7S8AOUI3f+QrYsXVHT/kee9MuMkk=
github.com/issue9/term/v3 v3.2.8/go.mod h1:S/xLgjEXJNr7C6UhcGTEOV5k94mzHRcYMmtvhLJoX6A=
golang.org/x/mod v0.17.0 h1:zY54UmvipHiNd+pm+m0x9KhZ9hl1/7QNMyxXbc6ICqA=
golang.org/x/mod v0.17.0/go.mod h1:hTbmBsO62+eylJbnUtE2MGJUyE7QWk4xUqPFrRgJ+7c=
golang.org/x/sys v0.19.0 h1:q5f1RH2jigJ1MoAWp2KTp3gm5zAGFUTarQZ5U386+4o=
golang.org/x/sys v0.19.0/go.mod h1:/VUhepiaJMQUp4+oa/7Zr1D23ma6VTLIYjOOTFZPUcA=
golang.org/x/text v0.14.0 h1:ScX5w1eTa3QqT8oi6+ziP7dTV1S2+ALU0bI+0zXKWiQ=
golang.org/x/text v0.14.0/go.mod h1:18ZOQIKpY8NJVqYksKHtTdi31H5itFRjB5/qKTNYzSU=
gopkg.in/check.v1 v0.0.0-20161208181325-20d25e280405 h1:yhCVgyC4o1eVCa2tZl7eS0r+SDo693bJlVdllGtEeKM=
gopkg.in/check.v1 v0.0.0-20161208181325-20d25e280405/go.mod h1:Co6ibVJAznAaIkqp8huTwlJQCZ016jof/cbN4VW5Yz0=
gopkg.in/yaml.v3 v3.0.1 h1:fxVm/GzAzEWqLHuvctI91KS9hhNmmWOoWu0XTYJS7CA=
gopkg.in/yaml.v3 v3.0.1/go.mod h1:K4uyk7z7BCEPqu6E+C64Yfv1cQ7kz7rIZviUmN+EgEM=
